
Microsoft Visual Studio Solution File, Format Version 12.00
# Visual Studio Version 16
VisualStudioVersion = 16.0.30907.101
MinimumVisualStudioVersion = 10.0.40219.1
Project("{FAE04EC0-301F-11D3-BF4B-00C04F79EFBC}") = "GitHubAction.Demo.API", "GitHubAction.Demo.API\GitHubAction.Demo.API.csproj", "{BE7B4AA2-F51F-4825-ADF2-6EF7D61618A1}"
EndProject
Global
	GlobalSection(SolutionConfigurationPlatforms) = preSolution
		Debug|Any CPU = Debug|Any CPU
		Release|Any CPU = Release|Any CPU
	EndGlobalSection
	GlobalSection(ProjectConfigurationPlatforms) = postSolution
		{BE7B4AA2-F51F-4825-ADF2-6EF7D61618A1}.Debug|Any CPU.ActiveCfg = Debug|Any CPU
		{BE7B4AA2-F51F-4825-ADF2-6EF7D61618A1}.Debug|Any CPU.Build.0 = Debug|Any CPU
		{BE7B4AA2-F51F-4825-ADF2-6EF7D61618A1}.Release|Any CPU.ActiveCfg = Release|Any CPU
		{BE7B4AA2-F51F-4825-ADF2-6EF7D61618A1}.Release|Any CPU.Build.0 = Release|Any CPU
	EndGlobalSection
	GlobalSection(SolutionProperties) = preSolution
		HideSolutionNode = FALSE
	EndGlobalSection
	GlobalSection(ExtensibilityGlobals) = postSolution
		SolutionGuid = {6135CD1E-20F5-4866-A7B6-4ABE6A1F9B8C}
	EndGlobalSection
EndGlobal
